// !$*UTF8*$!
{
	archiveVersion = 1;
	classes = {
	};
	objectVersion = 51;
	objects = {

/* Begin PBXBuildFile section */
		3314ABF68693962B2F55D29B /* Pods_Marvel.framework in Frameworks */ = {isa = PBXBuildFile; fileRef = 4208D79F363E14AB85315C6F /* Pods_Marvel.framework */; };
		462F819BA479D9527666CA9E /* CharacterDetailDataSourceController.swift in Sources */ = {isa = PBXBuildFile; fileRef = 462F81D9A6B89406CA3F1CCC /* CharacterDetailDataSourceController.swift */; };
		462F82EB895B1D1D81C77E8F /* SeriesDetailViewController.swift in Sources */ = {isa = PBXBuildFile; fileRef = 462F8C51D49B0B364A98A8CD /* SeriesDetailViewController.swift */; };
		462F84C4328A73E3AF38606A /* CharacterDetailViewController.swift in Sources */ = {isa = PBXBuildFile; fileRef = 462F8B762F1D4F1590623C4B /* CharacterDetailViewController.swift */; };
		462F894DFF00C5BB2D79EC16 /* SeriesCollectionCell.swift in Sources */ = {isa = PBXBuildFile; fileRef = 462F832E3EDC4116CC0BB378 /* SeriesCollectionCell.swift */; };
		462F8CB29696AC4B6D7B0BA0 /* SeriesDetailView.swift in Sources */ = {isa = PBXBuildFile; fileRef = 462F8739EDCFC5D8116A4332 /* SeriesDetailView.swift */; };
		462F8CB849F11958EC2ECE58 /* GoogleTranslateAPI.swift in Sources */ = {isa = PBXBuildFile; fileRef = 462F8FBE3B5E60EF24CEA719 /* GoogleTranslateAPI.swift */; };
		D50348082440DAC300925C08 /* AppDelegate.swift in Sources */ = {isa = PBXBuildFile; fileRef = D50348072440DAC300925C08 /* AppDelegate.swift */; };
		D503480A2440DAC300925C08 /* SceneDelegate.swift in Sources */ = {isa = PBXBuildFile; fileRef = D50348092440DAC300925C08 /* SceneDelegate.swift */; };
		D503480C2440DAC300925C08 /* ComicHomeViewController.swift in Sources */ = {isa = PBXBuildFile; fileRef = D503480B2440DAC300925C08 /* ComicHomeViewController.swift */; };
		D50348112440DAC400925C08 /* Assets.xcassets in Resources */ = {isa = PBXBuildFile; fileRef = D50348102440DAC400925C08 /* Assets.xcassets */; };
		D50348142440DAC400925C08 /* LaunchScreen.storyboard in Resources */ = {isa = PBXBuildFile; fileRef = D50348122440DAC400925C08 /* LaunchScreen.storyboard */; };
		D503481C2440DD3600925C08 /* MarvelAPI.swift in Sources */ = {isa = PBXBuildFile; fileRef = D503481B2440DD3600925C08 /* MarvelAPI.swift */; };
		D503481E2440EBA400925C08 /* MD5.swift in Sources */ = {isa = PBXBuildFile; fileRef = D503481D2440EBA400925C08 /* MD5.swift */; };
		D5034821244108CA00925C08 /* Comic.swift in Sources */ = {isa = PBXBuildFile; fileRef = D5034820244108CA00925C08 /* Comic.swift */; };
		D5036BE6266AC75A00F6653B /* SearchResultCharacterCell.swift in Sources */ = {isa = PBXBuildFile; fileRef = D5036BE5266AC75A00F6653B /* SearchResultCharacterCell.swift */; };
		D5036BE8266AC79F00F6653B /* SearchResultComicCell.swift in Sources */ = {isa = PBXBuildFile; fileRef = D5036BE7266AC79F00F6653B /* SearchResultComicCell.swift */; };
		D50EA843245E96460030308A /* Podfile in Resources */ = {isa = PBXBuildFile; fileRef = D50EA842245E96460030308A /* Podfile */; };
		D51419902496618E0007417B /* Localizable.strings in Resources */ = {isa = PBXBuildFile; fileRef = D51419922496618E0007417B /* Localizable.strings */; };
		D51419952496637C0007417B /* StringExtensions.swift in Sources */ = {isa = PBXBuildFile; fileRef = D51419942496637C0007417B /* StringExtensions.swift */; };
		D528296D248D153D00CDFB62 /* Character.swift in Sources */ = {isa = PBXBuildFile; fileRef = D528296C248D153D00CDFB62 /* Character.swift */; };
		D528296F248D162700CDFB62 /* Image.swift in Sources */ = {isa = PBXBuildFile; fileRef = D528296E248D162700CDFB62 /* Image.swift */; };
		D52A023325055CB400B7BE8C /* Cache.swift in Sources */ = {isa = PBXBuildFile; fileRef = D52A023225055CB400B7BE8C /* Cache.swift */; };
		D52A02362505604200B7BE8C /* SearchResultViewController.swift in Sources */ = {isa = PBXBuildFile; fileRef = D52A02352505604200B7BE8C /* SearchResultViewController.swift */; };
		D52A023A2505612B00B7BE8C /* SearchHomeView.swift in Sources */ = {isa = PBXBuildFile; fileRef = D52A02392505612B00B7BE8C /* SearchHomeView.swift */; };
		D52BD4E824C8C450001965F0 /* SearchResultHeaderView.swift in Sources */ = {isa = PBXBuildFile; fileRef = D52BD4E724C8C450001965F0 /* SearchResultHeaderView.swift */; };
		D53288FA25052C06000C1614 /* SeriesHeaderCollectionCell.swift in Sources */ = {isa = PBXBuildFile; fileRef = D53288F925052C06000C1614 /* SeriesHeaderCollectionCell.swift */; };
		D536EEF22478657E00C5BC7F /* Roboto-Regular.ttf in Resources */ = {isa = PBXBuildFile; fileRef = D536EEF02478657E00C5BC7F /* Roboto-Regular.ttf */; };
		D536EEF32478657E00C5BC7F /* Roboto-Light.ttf in Resources */ = {isa = PBXBuildFile; fileRef = D536EEF12478657E00C5BC7F /* Roboto-Light.ttf */; };
		D536EEF52478665100C5BC7F /* Roboto-Bold.ttf in Resources */ = {isa = PBXBuildFile; fileRef = D536EEF42478665100C5BC7F /* Roboto-Bold.ttf */; };
		D536EEF7247866B700C5BC7F /* Roboto-Black.ttf in Resources */ = {isa = PBXBuildFile; fileRef = D536EEF6247866B700C5BC7F /* Roboto-Black.ttf */; };
		D53F141126602D940001DBB0 /* ComicHomeListViewController.swift in Sources */ = {isa = PBXBuildFile; fileRef = D53F141026602D940001DBB0 /* ComicHomeListViewController.swift */; };
		D55293AC25056EBD00C5E47A /* SearchHomeDataSourceController.swift in Sources */ = {isa = PBXBuildFile; fileRef = D55293AB25056EBD00C5E47A /* SearchHomeDataSourceController.swift */; };
		D55293AF25056F6F00C5E47A /* SearchUserInputCell.swift in Sources */ = {isa = PBXBuildFile; fileRef = D55293AE25056F6F00C5E47A /* SearchUserInputCell.swift */; };
		D558D9BF266D69200092CE29 /* SectionComicView.swift in Sources */ = {isa = PBXBuildFile; fileRef = D558D9BE266D69200092CE29 /* SectionComicView.swift */; };
		D584602E2441CC8900F01D5D /* MarvelResultType.swift in Sources */ = {isa = PBXBuildFile; fileRef = D584602D2441CC8900F01D5D /* MarvelResultType.swift */; };
		D59A6404247DA9FA0031C2B2 /* SearchHomeViewController.swift in Sources */ = {isa = PBXBuildFile; fileRef = D59A6403247DA9FA0031C2B2 /* SearchHomeViewController.swift */; };
		D59ACD452486BA9E005E951A /* SearchResultView.swift in Sources */ = {isa = PBXBuildFile; fileRef = D59ACD442486BA9E005E951A /* SearchResultView.swift */; };
		D5A6DEA824791F2400CCC05E /* ComicDetailViewController.swift in Sources */ = {isa = PBXBuildFile; fileRef = D5A6DEA724791F2400CCC05E /* ComicDetailViewController.swift */; };
		D5A6DEAB24791FBB00CCC05E /* ComicDetailView.swift in Sources */ = {isa = PBXBuildFile; fileRef = D5A6DEAA24791FBB00CCC05E /* ComicDetailView.swift */; };
		D5A97EE0247A570B00A72833 /* Reusable.swift in Sources */ = {isa = PBXBuildFile; fileRef = D5A97EDF247A570B00A72833 /* Reusable.swift */; };
		D5B734E9247428F5004F9CA6 /* ComicHomeView.swift in Sources */ = {isa = PBXBuildFile; fileRef = D5B734E8247428F5004F9CA6 /* ComicHomeView.swift */; };
		D5B87E332495807400D6AEFB /* ComicDataSourceController.swift in Sources */ = {isa = PBXBuildFile; fileRef = D5B87E322495807400D6AEFB /* ComicDataSourceController.swift */; };
		D5C3365F24E7D40300C37E09 /* CharacterDetailView.swift in Sources */ = {isa = PBXBuildFile; fileRef = D5C3365E24E7D40300C37E09 /* CharacterDetailView.swift */; };
		D5C3366124E84E8C00C37E09 /* SeeMoreButton.swift in Sources */ = {isa = PBXBuildFile; fileRef = D5C3366024E84E8C00C37E09 /* SeeMoreButton.swift */; };
		D5C50D1724419E4400644413 /* ComicCollectionCell.swift in Sources */ = {isa = PBXBuildFile; fileRef = D5C50D1624419E4400644413 /* ComicCollectionCell.swift */; };
		D5CE5A4224B0A37500E8AF36 /* SearchResultDataSourceController.swift in Sources */ = {isa = PBXBuildFile; fileRef = D5CE5A4124B0A37500E8AF36 /* SearchResultDataSourceController.swift */; };
		D5CE5A4424B0A93800E8AF36 /* Creator.swift in Sources */ = {isa = PBXBuildFile; fileRef = D5CE5A4324B0A93800E8AF36 /* Creator.swift */; };
		D5CE5A4624B0AAA300E8AF36 /* Event.swift in Sources */ = {isa = PBXBuildFile; fileRef = D5CE5A4524B0AAA300E8AF36 /* Event.swift */; };
		D5CE5A4824B0AB7800E8AF36 /* Series.swift in Sources */ = {isa = PBXBuildFile; fileRef = D5CE5A4724B0AB7800E8AF36 /* Series.swift */; };
		D5CE5A4A24B0AD1B00E8AF36 /* Story.swift in Sources */ = {isa = PBXBuildFile; fileRef = D5CE5A4924B0AD1B00E8AF36 /* Story.swift */; };
		D5D66E5D24791530003FD75A /* AppConstants.swift in Sources */ = {isa = PBXBuildFile; fileRef = D5D66E5C24791530003FD75A /* AppConstants.swift */; };
		D5E38F0924CA159800AFBA3F /* Raleway-Bold.ttf in Resources */ = {isa = PBXBuildFile; fileRef = D5E38F0624CA159800AFBA3F /* Raleway-Bold.ttf */; };
		D5E38F0A24CA159800AFBA3F /* Raleway-Medium.ttf in Resources */ = {isa = PBXBuildFile; fileRef = D5E38F0724CA159800AFBA3F /* Raleway-Medium.ttf */; };
		D5E38F0B24CA159800AFBA3F /* Raleway-Regular.ttf in Resources */ = {isa = PBXBuildFile; fileRef = D5E38F0824CA159800AFBA3F /* Raleway-Regular.ttf */; };
		D5E38F0D24CA1C6A00AFBA3F /* SearchResultFooterView.swift in Sources */ = {isa = PBXBuildFile; fileRef = D5E38F0C24CA1C6A00AFBA3F /* SearchResultFooterView.swift */; };
		D5FB018525F4BD7F000F6504 /* SeriesDetailCharacterListDataSourceController.swift in Sources */ = {isa = PBXBuildFile; fileRef = D5FB018425F4BD7F000F6504 /* SeriesDetailCharacterListDataSourceController.swift */; };
/* End PBXBuildFile section */

/* Begin PBXFileReference section */
		4208D79F363E14AB85315C6F /* Pods_Marvel.framework */ = {isa = PBXFileReference; explicitFileType = wrapper.framework; includeInIndex = 0; path = Pods_Marvel.framework; sourceTree = BUILT_PRODUCTS_DIR; };
		462F81D9A6B89406CA3F1CCC /* CharacterDetailDataSourceController.swift */ = {isa = PBXFileReference; fileEncoding = 4; lastKnownFileType = sourcecode.swift; path = CharacterDetailDataSourceController.swift; sourceTree = "<group>"; };
		462F832E3EDC4116CC0BB378 /* SeriesCollectionCell.swift */ = {isa = PBXFileReference; fileEncoding = 4; lastKnownFileType = sourcecode.swift; path = SeriesCollectionCell.swift; sourceTree = "<group>"; };
		462F8739EDCFC5D8116A4332 /* SeriesDetailView.swift */ = {isa = PBXFileReference; fileEncoding = 4; lastKnownFileType = sourcecode.swift; path = SeriesDetailView.swift; sourceTree = "<group>"; };
		462F8B762F1D4F1590623C4B /* CharacterDetailViewController.swift */ = {isa = PBXFileReference; fileEncoding = 4; lastKnownFileType = sourcecode.swift; path = CharacterDetailViewController.swift; sourceTree = "<group>"; };
		462F8C51D49B0B364A98A8CD /* SeriesDetailViewController.swift */ = {isa = PBXFileReference; fileEncoding = 4; lastKnownFileType = sourcecode.swift; path = SeriesDetailViewController.swift; sourceTree = "<group>"; };
		462F8FBE3B5E60EF24CEA719 /* GoogleTranslateAPI.swift */ = {isa = PBXFileReference; fileEncoding = 4; lastKnownFileType = sourcecode.swift; path = GoogleTranslateAPI.swift; sourceTree = "<group>"; };
		C01958F4B989109AFDE9C519 /* Pods-Marvel.release.xcconfig */ = {isa = PBXFileReference; includeInIndex = 1; lastKnownFileType = text.xcconfig; name = "Pods-Marvel.release.xcconfig"; path = "Target Support Files/Pods-Marvel/Pods-Marvel.release.xcconfig"; sourceTree = "<group>"; };
		D50348042440DAC300925C08 /* Marvel.app */ = {isa = PBXFileReference; explicitFileType = wrapper.application; includeInIndex = 0; path = Marvel.app; sourceTree = BUILT_PRODUCTS_DIR; };
		D50348072440DAC300925C08 /* AppDelegate.swift */ = {isa = PBXFileReference; lastKnownFileType = sourcecode.swift; path = AppDelegate.swift; sourceTree = "<group>"; };
		D50348092440DAC300925C08 /* SceneDelegate.swift */ = {isa = PBXFileReference; lastKnownFileType = sourcecode.swift; path = SceneDelegate.swift; sourceTree = "<group>"; };
		D503480B2440DAC300925C08 /* ComicHomeViewController.swift */ = {isa = PBXFileReference; lastKnownFileType = sourcecode.swift; path = ComicHomeViewController.swift; sourceTree = "<group>"; };
		D50348102440DAC400925C08 /* Assets.xcassets */ = {isa = PBXFileReference; lastKnownFileType = folder.assetcatalog; path = Assets.xcassets; sourceTree = "<group>"; };
		D50348132440DAC400925C08 /* Base */ = {isa = PBXFileReference; lastKnownFileType = file.storyboard; name = Base; path = Base.lproj/LaunchScreen.storyboard; sourceTree = "<group>"; };
		D50348152440DAC400925C08 /* Info.plist */ = {isa = PBXFileReference; lastKnownFileType = text.plist.xml; path = Info.plist; sourceTree = "<group>"; };
		D503481B2440DD3600925C08 /* MarvelAPI.swift */ = {isa = PBXFileReference; lastKnownFileType = sourcecode.swift; path = MarvelAPI.swift; sourceTree = "<group>"; };
		D503481D2440EBA400925C08 /* MD5.swift */ = {isa = PBXFileReference; lastKnownFileType = sourcecode.swift; path = MD5.swift; sourceTree = "<group>"; };
		D5034820244108CA00925C08 /* Comic.swift */ = {isa = PBXFileReference; lastKnownFileType = sourcecode.swift; path = Comic.swift; sourceTree = "<group>"; };
		D5036BE5266AC75A00F6653B /* SearchResultCharacterCell.swift */ = {isa = PBXFileReference; lastKnownFileType = sourcecode.swift; path = SearchResultCharacterCell.swift; sourceTree = "<group>"; };
		D5036BE7266AC79F00F6653B /* SearchResultComicCell.swift */ = {isa = PBXFileReference; lastKnownFileType = sourcecode.swift; path = SearchResultComicCell.swift; sourceTree = "<group>"; };
		D50EA842245E96460030308A /* Podfile */ = {isa = PBXFileReference; fileEncoding = 4; lastKnownFileType = text; path = Podfile; sourceTree = "<group>"; xcLanguageSpecificationIdentifier = xcode.lang.ruby; };
		D514198F2496617A0007417B /* fr */ = {isa = PBXFileReference; lastKnownFileType = text.plist.strings; name = fr; path = fr.lproj/LaunchScreen.strings; sourceTree = "<group>"; };
		D51419912496618E0007417B /* fr */ = {isa = PBXFileReference; lastKnownFileType = text.plist.strings; name = fr; path = fr.lproj/Localizable.strings; sourceTree = "<group>"; };
		D51419942496637C0007417B /* StringExtensions.swift */ = {isa = PBXFileReference; lastKnownFileType = sourcecode.swift; path = StringExtensions.swift; sourceTree = "<group>"; };
		D528296C248D153D00CDFB62 /* Character.swift */ = {isa = PBXFileReference; lastKnownFileType = sourcecode.swift; path = Character.swift; sourceTree = "<group>"; };
		D528296E248D162700CDFB62 /* Image.swift */ = {isa = PBXFileReference; lastKnownFileType = sourcecode.swift; path = Image.swift; sourceTree = "<group>"; };
		D52A023225055CB400B7BE8C /* Cache.swift */ = {isa = PBXFileReference; lastKnownFileType = sourcecode.swift; path = Cache.swift; sourceTree = "<group>"; };
		D52A02352505604200B7BE8C /* SearchResultViewController.swift */ = {isa = PBXFileReference; lastKnownFileType = sourcecode.swift; path = SearchResultViewController.swift; sourceTree = "<group>"; };
		D52A02392505612B00B7BE8C /* SearchHomeView.swift */ = {isa = PBXFileReference; lastKnownFileType = sourcecode.swift; path = SearchHomeView.swift; sourceTree = "<group>"; };
		D52BD4E724C8C450001965F0 /* SearchResultHeaderView.swift */ = {isa = PBXFileReference; lastKnownFileType = sourcecode.swift; path = SearchResultHeaderView.swift; sourceTree = "<group>"; };
		D53288F925052C06000C1614 /* SeriesHeaderCollectionCell.swift */ = {isa = PBXFileReference; lastKnownFileType = sourcecode.swift; path = SeriesHeaderCollectionCell.swift; sourceTree = "<group>"; };
		D536EEF02478657E00C5BC7F /* Roboto-Regular.ttf */ = {isa = PBXFileReference; lastKnownFileType = file; path = "Roboto-Regular.ttf"; sourceTree = "<group>"; };
		D536EEF12478657E00C5BC7F /* Roboto-Light.ttf */ = {isa = PBXFileReference; lastKnownFileType = file; path = "Roboto-Light.ttf"; sourceTree = "<group>"; };
		D536EEF42478665100C5BC7F /* Roboto-Bold.ttf */ = {isa = PBXFileReference; lastKnownFileType = file; path = "Roboto-Bold.ttf"; sourceTree = "<group>"; };
		D536EEF6247866B700C5BC7F /* Roboto-Black.ttf */ = {isa = PBXFileReference; lastKnownFileType = file; path = "Roboto-Black.ttf"; sourceTree = "<group>"; };
		D53F141026602D940001DBB0 /* ComicHomeListViewController.swift */ = {isa = PBXFileReference; lastKnownFileType = sourcecode.swift; path = ComicHomeListViewController.swift; sourceTree = "<group>"; };
		D55293AB25056EBD00C5E47A /* SearchHomeDataSourceController.swift */ = {isa = PBXFileReference; lastKnownFileType = sourcecode.swift; path = SearchHomeDataSourceController.swift; sourceTree = "<group>"; };
		D55293AE25056F6F00C5E47A /* SearchUserInputCell.swift */ = {isa = PBXFileReference; lastKnownFileType = sourcecode.swift; path = SearchUserInputCell.swift; sourceTree = "<group>"; };
		D558D9BE266D69200092CE29 /* SectionComicView.swift */ = {isa = PBXFileReference; lastKnownFileType = sourcecode.swift; path = SectionComicView.swift; sourceTree = "<group>"; };
		D584602D2441CC8900F01D5D /* MarvelResultType.swift */ = {isa = PBXFileReference; lastKnownFileType = sourcecode.swift; path = MarvelResultType.swift; sourceTree = "<group>"; };
		D59A6403247DA9FA0031C2B2 /* SearchHomeViewController.swift */ = {isa = PBXFileReference; lastKnownFileType = sourcecode.swift; path = SearchHomeViewController.swift; sourceTree = "<group>"; };
		D59ACD442486BA9E005E951A /* SearchResultView.swift */ = {isa = PBXFileReference; lastKnownFileType = sourcecode.swift; path = SearchResultView.swift; sourceTree = "<group>"; };
		D5A6DEA724791F2400CCC05E /* ComicDetailViewController.swift */ = {isa = PBXFileReference; lastKnownFileType = sourcecode.swift; path = ComicDetailViewController.swift; sourceTree = "<group>"; };
		D5A6DEAA24791FBB00CCC05E /* ComicDetailView.swift */ = {isa = PBXFileReference; lastKnownFileType = sourcecode.swift; path = ComicDetailView.swift; sourceTree = "<group>"; };
		D5A97EDF247A570B00A72833 /* Reusable.swift */ = {isa = PBXFileReference; fileEncoding = 4; lastKnownFileType = sourcecode.swift; path = Reusable.swift; sourceTree = "<group>"; };
		D5B734E8247428F5004F9CA6 /* ComicHomeView.swift */ = {isa = PBXFileReference; lastKnownFileType = sourcecode.swift; path = ComicHomeView.swift; sourceTree = "<group>"; };
		D5B87E322495807400D6AEFB /* ComicDataSourceController.swift */ = {isa = PBXFileReference; lastKnownFileType = sourcecode.swift; path = ComicDataSourceController.swift; sourceTree = "<group>"; };
		D5C3365E24E7D40300C37E09 /* CharacterDetailView.swift */ = {isa = PBXFileReference; lastKnownFileType = sourcecode.swift; path = CharacterDetailView.swift; sourceTree = "<group>"; };
		D5C3366024E84E8C00C37E09 /* SeeMoreButton.swift */ = {isa = PBXFileReference; lastKnownFileType = sourcecode.swift; path = SeeMoreButton.swift; sourceTree = "<group>"; };
		D5C50D1624419E4400644413 /* ComicCollectionCell.swift */ = {isa = PBXFileReference; lastKnownFileType = sourcecode.swift; path = ComicCollectionCell.swift; sourceTree = "<group>"; };
		D5CE5A4124B0A37500E8AF36 /* SearchResultDataSourceController.swift */ = {isa = PBXFileReference; lastKnownFileType = sourcecode.swift; path = SearchResultDataSourceController.swift; sourceTree = "<group>"; };
		D5CE5A4324B0A93800E8AF36 /* Creator.swift */ = {isa = PBXFileReference; lastKnownFileType = sourcecode.swift; path = Creator.swift; sourceTree = "<group>"; };
		D5CE5A4524B0AAA300E8AF36 /* Event.swift */ = {isa = PBXFileReference; lastKnownFileType = sourcecode.swift; path = Event.swift; sourceTree = "<group>"; };
		D5CE5A4724B0AB7800E8AF36 /* Series.swift */ = {isa = PBXFileReference; lastKnownFileType = sourcecode.swift; path = Series.swift; sourceTree = "<group>"; };
		D5CE5A4924B0AD1B00E8AF36 /* Story.swift */ = {isa = PBXFileReference; lastKnownFileType = sourcecode.swift; path = Story.swift; sourceTree = "<group>"; };
		D5D66E5C24791530003FD75A /* AppConstants.swift */ = {isa = PBXFileReference; lastKnownFileType = sourcecode.swift; path = AppConstants.swift; sourceTree = "<group>"; };
		D5E38F0624CA159800AFBA3F /* Raleway-Bold.ttf */ = {isa = PBXFileReference; lastKnownFileType = file; path = "Raleway-Bold.ttf"; sourceTree = "<group>"; };
		D5E38F0724CA159800AFBA3F /* Raleway-Medium.ttf */ = {isa = PBXFileReference; lastKnownFileType = file; path = "Raleway-Medium.ttf"; sourceTree = "<group>"; };
		D5E38F0824CA159800AFBA3F /* Raleway-Regular.ttf */ = {isa = PBXFileReference; lastKnownFileType = file; path = "Raleway-Regular.ttf"; sourceTree = "<group>"; };
		D5E38F0C24CA1C6A00AFBA3F /* SearchResultFooterView.swift */ = {isa = PBXFileReference; lastKnownFileType = sourcecode.swift; path = SearchResultFooterView.swift; sourceTree = "<group>"; };
		D5FB018425F4BD7F000F6504 /* SeriesDetailCharacterListDataSourceController.swift */ = {isa = PBXFileReference; lastKnownFileType = sourcecode.swift; path = SeriesDetailCharacterListDataSourceController.swift; sourceTree = "<group>"; };
		F9F8D26C812548D0F8F46E83 /* Pods-Marvel.debug.xcconfig */ = {isa = PBXFileReference; includeInIndex = 1; lastKnownFileType = text.xcconfig; name = "Pods-Marvel.debug.xcconfig"; path = "Target Support Files/Pods-Marvel/Pods-Marvel.debug.xcconfig"; sourceTree = "<group>"; };
/* End PBXFileReference section */

/* Begin PBXFrameworksBuildPhase section */
		D50348012440DAC300925C08 /* Frameworks */ = {
			isa = PBXFrameworksBuildPhase;
			buildActionMask = 2147483647;
			files = (
				3314ABF68693962B2F55D29B /* Pods_Marvel.framework in Frameworks */,
			);
			runOnlyForDeploymentPostprocessing = 0;
		};
/* End PBXFrameworksBuildPhase section */

/* Begin PBXGroup section */
		3716E70B8245B10291ADA39E /* Pods */ = {
			isa = PBXGroup;
			children = (
				F9F8D26C812548D0F8F46E83 /* Pods-Marvel.debug.xcconfig */,
				C01958F4B989109AFDE9C519 /* Pods-Marvel.release.xcconfig */,
			);
			path = Pods;
			sourceTree = "<group>";
		};
		462F82309D99CD7E3EC98230 /* Series */ = {
			isa = PBXGroup;
			children = (
				462F8739EDCFC5D8116A4332 /* SeriesDetailView.swift */,
			);
			path = Series;
			sourceTree = "<group>";
		};
		462F87873F1EC74395D51D0E /* Cell */ = {
			isa = PBXGroup;
			children = (
				462F832E3EDC4116CC0BB378 /* SeriesCollectionCell.swift */,
				D53288F925052C06000C1614 /* SeriesHeaderCollectionCell.swift */,
			);
			path = Cell;
			sourceTree = "<group>";
		};
		462F89315A86EACE4BCC312D /* Series */ = {
			isa = PBXGroup;
			children = (
				462F8C51D49B0B364A98A8CD /* SeriesDetailViewController.swift */,
				D5FB018425F4BD7F000F6504 /* SeriesDetailCharacterListDataSourceController.swift */,
			);
			path = Series;
			sourceTree = "<group>";
		};
		911BEFC2085F475022DE5780 /* Frameworks */ = {
			isa = PBXGroup;
			children = (
				4208D79F363E14AB85315C6F /* Pods_Marvel.framework */,
			);
			name = Frameworks;
			sourceTree = "<group>";
		};
		D50347FB2440DAC300925C08 = {
			isa = PBXGroup;
			children = (
				911BEFC2085F475022DE5780 /* Frameworks */,
				D50348062440DAC300925C08 /* Marvel */,
				D50EA842245E96460030308A /* Podfile */,
				3716E70B8245B10291ADA39E /* Pods */,
				D50348052440DAC300925C08 /* Products */,
			);
			sourceTree = "<group>";
		};
		D50348052440DAC300925C08 /* Products */ = {
			isa = PBXGroup;
			children = (
				D50348042440DAC300925C08 /* Marvel.app */,
			);
			name = Products;
			sourceTree = "<group>";
		};
		D50348062440DAC300925C08 /* Marvel */ = {
			isa = PBXGroup;
			children = (
				D50348102440DAC400925C08 /* Assets.xcassets */,
				D5E4373C2474260A0036333A /* Controllers */,
				D50348152440DAC400925C08 /* Info.plist */,
				D50348122440DAC400925C08 /* LaunchScreen.storyboard */,
				D503481F244108BC00925C08 /* Model */,
				D5C50D1D2441CC0B00644413 /* View */,
			);
			path = Marvel;
			sourceTree = "<group>";
		};
		D503481F244108BC00925C08 /* Model */ = {
			isa = PBXGroup;
			children = (
				D5D66E5C24791530003FD75A /* AppConstants.swift */,
				D528296B248D142200CDFB62 /* Entities */,
				D58460312442172400F01D5D /* Extensions */,
				D5C50D1C2441CC0100644413 /* Network */,
				D52A023425055E9A00B7BE8C /* Offline */,
			);
			path = Model;
			sourceTree = "<group>";
		};
		D5141993249662810007417B /* Localization */ = {
			isa = PBXGroup;
			children = (
				D51419922496618E0007417B /* Localizable.strings */,
			);
			path = Localization;
			sourceTree = "<group>";
		};
		D528296B248D142200CDFB62 /* Entities */ = {
			isa = PBXGroup;
			children = (
				D5034820244108CA00925C08 /* Comic.swift */,
				D584602D2441CC8900F01D5D /* MarvelResultType.swift */,
				D528296C248D153D00CDFB62 /* Character.swift */,
				D528296E248D162700CDFB62 /* Image.swift */,
				D5CE5A4324B0A93800E8AF36 /* Creator.swift */,
				D5CE5A4524B0AAA300E8AF36 /* Event.swift */,
				D5CE5A4724B0AB7800E8AF36 /* Series.swift */,
				D5CE5A4924B0AD1B00E8AF36 /* Story.swift */,
			);
			path = Entities;
			sourceTree = "<group>";
		};
		D52A023425055E9A00B7BE8C /* Offline */ = {
			isa = PBXGroup;
			children = (
				D52A023225055CB400B7BE8C /* Cache.swift */,
			);
			path = Offline;
			sourceTree = "<group>";
		};
		D52A02372505611600B7BE8C /* Home */ = {
			isa = PBXGroup;
			children = (
				D55293AD25056F6100C5E47A /* Cell */,
				D52A02392505612B00B7BE8C /* SearchHomeView.swift */,
			);
			path = Home;
			sourceTree = "<group>";
		};
		D52A02382505611A00B7BE8C /* Result */ = {
			isa = PBXGroup;
			children = (
				D59ACD462486C438005E951A /* Cell */,
				D59ACD442486BA9E005E951A /* SearchResultView.swift */,
				D5C3366024E84E8C00C37E09 /* SeeMoreButton.swift */,
			);
			path = Result;
			sourceTree = "<group>";
		};
		D52A023B25056E0200B7BE8C /* ComicHome */ = {
			isa = PBXGroup;
			children = (
				D503480B2440DAC300925C08 /* ComicHomeViewController.swift */,
				D5B87E322495807400D6AEFB /* ComicDataSourceController.swift */,
				D53F141026602D940001DBB0 /* ComicHomeListViewController.swift */,
				D558D9BE266D69200092CE29 /* SectionComicView.swift */,
			);
			path = ComicHome;
			sourceTree = "<group>";
		};
		D52A023C25056E1D00B7BE8C /* ComicDetail */ = {
			isa = PBXGroup;
			children = (
				D5A6DEA724791F2400CCC05E /* ComicDetailViewController.swift */,
			);
			path = ComicDetail;
			sourceTree = "<group>";
		};
		D52A023D25056E2B00B7BE8C /* CharacterDetail */ = {
			isa = PBXGroup;
			children = (
				462F8B762F1D4F1590623C4B /* CharacterDetailViewController.swift */,
				462F81D9A6B89406CA3F1CCC /* CharacterDetailDataSourceController.swift */,
			);
			path = CharacterDetail;
			sourceTree = "<group>";
		};
		D52A023E25056E3F00B7BE8C /* Search */ = {
			isa = PBXGroup;
			children = (
				D52A024025056E5600B7BE8C /* Result */,
				D52A023F25056E5000B7BE8C /* Home */,
			);
			path = Search;
			sourceTree = "<group>";
		};
		D52A023F25056E5000B7BE8C /* Home */ = {
			isa = PBXGroup;
			children = (
				D59A6403247DA9FA0031C2B2 /* SearchHomeViewController.swift */,
				D55293AB25056EBD00C5E47A /* SearchHomeDataSourceController.swift */,
			);
			path = Home;
			sourceTree = "<group>";
		};
		D52A024025056E5600B7BE8C /* Result */ = {
			isa = PBXGroup;
			children = (
				D52A02352505604200B7BE8C /* SearchResultViewController.swift */,
				D5CE5A4124B0A37500E8AF36 /* SearchResultDataSourceController.swift */,
			);
			path = Result;
			sourceTree = "<group>";
		};
		D536EEED2478644000C5BC7F /* Fonts */ = {
			isa = PBXGroup;
			children = (
				D5E38F0624CA159800AFBA3F /* Raleway-Bold.ttf */,
				D5E38F0724CA159800AFBA3F /* Raleway-Medium.ttf */,
				D5E38F0824CA159800AFBA3F /* Raleway-Regular.ttf */,
				D536EEF6247866B700C5BC7F /* Roboto-Black.ttf */,
				D536EEF42478665100C5BC7F /* Roboto-Bold.ttf */,
				D536EEF12478657E00C5BC7F /* Roboto-Light.ttf */,
				D536EEF02478657E00C5BC7F /* Roboto-Regular.ttf */,
			);
			path = Fonts;
			sourceTree = "<group>";
		};
		D55293AD25056F6100C5E47A /* Cell */ = {
			isa = PBXGroup;
			children = (
				D55293AE25056F6F00C5E47A /* SearchUserInputCell.swift */,
			);
			path = Cell;
			sourceTree = "<group>";
		};
		D58460312442172400F01D5D /* Extensions */ = {
			isa = PBXGroup;
			children = (
				D5A97EDF247A570B00A72833 /* Reusable.swift */,
				D503481D2440EBA400925C08 /* MD5.swift */,
				D51419942496637C0007417B /* StringExtensions.swift */,
			);
			path = Extensions;
			sourceTree = "<group>";
		};
		D59A6405247DAA3B0031C2B2 /* Search */ = {
			isa = PBXGroup;
			children = (
				D52A02382505611A00B7BE8C /* Result */,
				D52A02372505611600B7BE8C /* Home */,
			);
			path = Search;
			sourceTree = "<group>";
		};
		D59ACD462486C438005E951A /* Cell */ = {
			isa = PBXGroup;
			children = (
				D52BD4E724C8C450001965F0 /* SearchResultHeaderView.swift */,
				D5E38F0C24CA1C6A00AFBA3F /* SearchResultFooterView.swift */,
				D5036BE5266AC75A00F6653B /* SearchResultCharacterCell.swift */,
				D5036BE7266AC79F00F6653B /* SearchResultComicCell.swift */,
			);
			path = Cell;
			sourceTree = "<group>";
		};
		D5A6DEA924791F5200CCC05E /* ComicDetail */ = {
			isa = PBXGroup;
			children = (
				D5A6DEAA24791FBB00CCC05E /* ComicDetailView.swift */,
			);
			path = ComicDetail;
			sourceTree = "<group>";
		};
		D5C3365D24E7D3EF00C37E09 /* CharacterDetail */ = {
			isa = PBXGroup;
			children = (
				D5C3365E24E7D40300C37E09 /* CharacterDetailView.swift */,
				462F87873F1EC74395D51D0E /* Cell */,
			);
			path = CharacterDetail;
			sourceTree = "<group>";
		};
		D5C50D1C2441CC0100644413 /* Network */ = {
			isa = PBXGroup;
			children = (
				D503481B2440DD3600925C08 /* MarvelAPI.swift */,
				462F8FBE3B5E60EF24CEA719 /* GoogleTranslateAPI.swift */,
			);
			path = Network;
			sourceTree = "<group>";
		};
		D5C50D1D2441CC0B00644413 /* View */ = {
			isa = PBXGroup;
			children = (
				D5C3365D24E7D3EF00C37E09 /* CharacterDetail */,
				D59A6405247DAA3B0031C2B2 /* Search */,
				D5A6DEA924791F5200CCC05E /* ComicDetail */,
				D5E4373D2474261A0036333A /* ComicHome */,
				D536EEED2478644000C5BC7F /* Fonts */,
				D5141993249662810007417B /* Localization */,
				462F82309D99CD7E3EC98230 /* Series */,
			);
			path = View;
			sourceTree = "<group>";
		};
		D5DD8FC824950C88001366FC /* Startup */ = {
			isa = PBXGroup;
			children = (
				D50348092440DAC300925C08 /* SceneDelegate.swift */,
				D50348072440DAC300925C08 /* AppDelegate.swift */,
			);
			path = Startup;
			sourceTree = "<group>";
		};
		D5E4373C2474260A0036333A /* Controllers */ = {
			isa = PBXGroup;
			children = (
				D52A023E25056E3F00B7BE8C /* Search */,
				D52A023D25056E2B00B7BE8C /* CharacterDetail */,
				D52A023C25056E1D00B7BE8C /* ComicDetail */,
				D52A023B25056E0200B7BE8C /* ComicHome */,
				D5DD8FC824950C88001366FC /* Startup */,
				462F89315A86EACE4BCC312D /* Series */,
			);
			path = Controllers;
			sourceTree = "<group>";
		};
		D5E4373D2474261A0036333A /* ComicHome */ = {
			isa = PBXGroup;
			children = (
				D5E4373E247426240036333A /* Cell */,
				D5B734E8247428F5004F9CA6 /* ComicHomeView.swift */,
			);
			path = ComicHome;
			sourceTree = "<group>";
		};
		D5E4373E247426240036333A /* Cell */ = {
			isa = PBXGroup;
			children = (
				D5C50D1624419E4400644413 /* ComicCollectionCell.swift */,
			);
			path = Cell;
			sourceTree = "<group>";
		};
/* End PBXGroup section */

/* Begin PBXNativeTarget section */
		D50348032440DAC300925C08 /* Marvel */ = {
			isa = PBXNativeTarget;
			buildConfigurationList = D50348182440DAC400925C08 /* Build configuration list for PBXNativeTarget "Marvel" */;
			buildPhases = (
				E4EADEA33A85104203587540 /* [CP] Check Pods Manifest.lock */,
				D50348002440DAC300925C08 /* Sources */,
				D50348012440DAC300925C08 /* Frameworks */,
				D50348022440DAC300925C08 /* Resources */,
				3B89C17B2BDABF6C7077C116 /* [CP] Embed Pods Frameworks */,
			);
			buildRules = (
			);
			dependencies = (
			);
			name = Marvel;
			packageProductDependencies = (
			);
			productName = Marvel;
			productReference = D50348042440DAC300925C08 /* Marvel.app */;
			productType = "com.apple.product-type.application";
		};
/* End PBXNativeTarget section */

/* Begin PBXProject section */
		D50347FC2440DAC300925C08 /* Project object */ = {
			isa = PBXProject;
			attributes = {
				LastSwiftUpdateCheck = 1140;
				LastUpgradeCheck = 1250;
				ORGANIZATIONNAME = "Tristan Djahel";
				TargetAttributes = {
					D50348032440DAC300925C08 = {
						CreatedOnToolsVersion = 11.4;
					};
				};
			};
			buildConfigurationList = D50347FF2440DAC300925C08 /* Build configuration list for PBXProject "Marvel" */;
			compatibilityVersion = "Xcode 9.3";
			developmentRegion = en;
			hasScannedForEncodings = 0;
			knownRegions = (
				en,
				Base,
				fr,
			);
			mainGroup = D50347FB2440DAC300925C08;
			packageReferences = (
			);
			productRefGroup = D50348052440DAC300925C08 /* Products */;
			projectDirPath = "";
			projectRoot = "";
			targets = (
				D50348032440DAC300925C08 /* Marvel */,
			);
		};
/* End PBXProject section */

/* Begin PBXResourcesBuildPhase section */
		D50348022440DAC300925C08 /* Resources */ = {
			isa = PBXResourcesBuildPhase;
			buildActionMask = 2147483647;
			files = (
				D50EA843245E96460030308A /* Podfile in Resources */,
				D5E38F0924CA159800AFBA3F /* Raleway-Bold.ttf in Resources */,
				D50348142440DAC400925C08 /* LaunchScreen.storyboard in Resources */,
				D536EEF52478665100C5BC7F /* Roboto-Bold.ttf in Resources */,
				D536EEF32478657E00C5BC7F /* Roboto-Light.ttf in Resources */,
				D51419902496618E0007417B /* Localizable.strings in Resources */,
				D536EEF7247866B700C5BC7F /* Roboto-Black.ttf in Resources */,
				D5E38F0A24CA159800AFBA3F /* Raleway-Medium.ttf in Resources */,
				D536EEF22478657E00C5BC7F /* Roboto-Regular.ttf in Resources */,
				D5E38F0B24CA159800AFBA3F /* Raleway-Regular.ttf in Resources */,
				D50348112440DAC400925C08 /* Assets.xcassets in Resources */,
			);
			runOnlyForDeploymentPostprocessing = 0;
		};
/* End PBXResourcesBuildPhase section */

/* Begin PBXShellScriptBuildPhase section */
		3B89C17B2BDABF6C7077C116 /* [CP] Embed Pods Frameworks */ = {
			isa = PBXShellScriptBuildPhase;
			buildActionMask = 2147483647;
			files = (
			);
			inputFileListPaths = (
				"${PODS_ROOT}/Target Support Files/Pods-Marvel/Pods-Marvel-frameworks-${CONFIGURATION}-input-files.xcfilelist",
			);
			name = "[CP] Embed Pods Frameworks";
			outputFileListPaths = (
				"${PODS_ROOT}/Target Support Files/Pods-Marvel/Pods-Marvel-frameworks-${CONFIGURATION}-output-files.xcfilelist",
			);
			runOnlyForDeploymentPostprocessing = 0;
			shellPath = /bin/sh;
			shellScript = "\"${PODS_ROOT}/Target Support Files/Pods-Marvel/Pods-Marvel-frameworks.sh\"\n";
			showEnvVarsInLog = 0;
		};
		E4EADEA33A85104203587540 /* [CP] Check Pods Manifest.lock */ = {
			isa = PBXShellScriptBuildPhase;
			buildActionMask = 2147483647;
			files = (
			);
			inputFileListPaths = (
			);
			inputPaths = (
				"${PODS_PODFILE_DIR_PATH}/Podfile.lock",
				"${PODS_ROOT}/Manifest.lock",
			);
			name = "[CP] Check Pods Manifest.lock";
			outputFileListPaths = (
			);
			outputPaths = (
				"$(DERIVED_FILE_DIR)/Pods-Marvel-checkManifestLockResult.txt",
			);
			runOnlyForDeploymentPostprocessing = 0;
			shellPath = /bin/sh;
			shellScript = "diff \"${PODS_PODFILE_DIR_PATH}/Podfile.lock\" \"${PODS_ROOT}/Manifest.lock\" > /dev/null\nif [ $? != 0 ] ; then\n    # print error to STDERR\n    echo \"error: The sandbox is not in sync with the Podfile.lock. Run 'pod install' or update your CocoaPods installation.\" >&2\n    exit 1\nfi\n# This output is used by Xcode 'outputs' to avoid re-running this script phase.\necho \"SUCCESS\" > \"${SCRIPT_OUTPUT_FILE_0}\"\n";
			showEnvVarsInLog = 0;
		};
/* End PBXShellScriptBuildPhase section */

/* Begin PBXSourcesBuildPhase section */
		D50348002440DAC300925C08 /* Sources */ = {
			isa = PBXSourcesBuildPhase;
			buildActionMask = 2147483647;
			files = (
				D51419952496637C0007417B /* StringExtensions.swift in Sources */,
				D55293AC25056EBD00C5E47A /* SearchHomeDataSourceController.swift in Sources */,
				D5CE5A4A24B0AD1B00E8AF36 /* Story.swift in Sources */,
				D59ACD452486BA9E005E951A /* SearchResultView.swift in Sources */,
				D5B734E9247428F5004F9CA6 /* ComicHomeView.swift in Sources */,
				D52A023325055CB400B7BE8C /* Cache.swift in Sources */,
				D5036BE8266AC79F00F6653B /* SearchResultComicCell.swift in Sources */,
				D503480C2440DAC300925C08 /* ComicHomeViewController.swift in Sources */,
				D5034821244108CA00925C08 /* Comic.swift in Sources */,
				D5B87E332495807400D6AEFB /* ComicDataSourceController.swift in Sources */,
				D53F141126602D940001DBB0 /* ComicHomeListViewController.swift in Sources */,
				D52A023A2505612B00B7BE8C /* SearchHomeView.swift in Sources */,
				D503481E2440EBA400925C08 /* MD5.swift in Sources */,
				D558D9BF266D69200092CE29 /* SectionComicView.swift in Sources */,
				D50348082440DAC300925C08 /* AppDelegate.swift in Sources */,
				D5A6DEA824791F2400CCC05E /* ComicDetailViewController.swift in Sources */,
				D528296F248D162700CDFB62 /* Image.swift in Sources */,
				D52BD4E824C8C450001965F0 /* SearchResultHeaderView.swift in Sources */,
				D528296D248D153D00CDFB62 /* Character.swift in Sources */,
				D53288FA25052C06000C1614 /* SeriesHeaderCollectionCell.swift in Sources */,
				D5A6DEAB24791FBB00CCC05E /* ComicDetailView.swift in Sources */,
				D5E38F0D24CA1C6A00AFBA3F /* SearchResultFooterView.swift in Sources */,
				D5CE5A4224B0A37500E8AF36 /* SearchResultDataSourceController.swift in Sources */,
				D5CE5A4824B0AB7800E8AF36 /* Series.swift in Sources */,
				D5FB018525F4BD7F000F6504 /* SeriesDetailCharacterListDataSourceController.swift in Sources */,
				D503480A2440DAC300925C08 /* SceneDelegate.swift in Sources */,
				D55293AF25056F6F00C5E47A /* SearchUserInputCell.swift in Sources */,
				D5C3366124E84E8C00C37E09 /* SeeMoreButton.swift in Sources */,
				D52A02362505604200B7BE8C /* SearchResultViewController.swift in Sources */,
				D5C3365F24E7D40300C37E09 /* CharacterDetailView.swift in Sources */,
				D503481C2440DD3600925C08 /* MarvelAPI.swift in Sources */,
				D5CE5A4624B0AAA300E8AF36 /* Event.swift in Sources */,
				D5C50D1724419E4400644413 /* ComicCollectionCell.swift in Sources */,
				D5036BE6266AC75A00F6653B /* SearchResultCharacterCell.swift in Sources */,
				D59A6404247DA9FA0031C2B2 /* SearchHomeViewController.swift in Sources */,
				D5D66E5D24791530003FD75A /* AppConstants.swift in Sources */,
				D5A97EE0247A570B00A72833 /* Reusable.swift in Sources */,
				D5CE5A4424B0A93800E8AF36 /* Creator.swift in Sources */,
				D584602E2441CC8900F01D5D /* MarvelResultType.swift in Sources */,
				462F84C4328A73E3AF38606A /* CharacterDetailViewController.swift in Sources */,
				462F819BA479D9527666CA9E /* CharacterDetailDataSourceController.swift in Sources */,
				462F894DFF00C5BB2D79EC16 /* SeriesCollectionCell.swift in Sources */,
				462F8CB849F11958EC2ECE58 /* GoogleTranslateAPI.swift in Sources */,
				462F82EB895B1D1D81C77E8F /* SeriesDetailViewController.swift in Sources */,
				462F8CB29696AC4B6D7B0BA0 /* SeriesDetailView.swift in Sources */,
			);
			runOnlyForDeploymentPostprocessing = 0;
		};
/* End PBXSourcesBuildPhase section */

/* Begin PBXVariantGroup section */
		D50348122440DAC400925C08 /* LaunchScreen.storyboard */ = {
			isa = PBXVariantGroup;
			children = (
				D50348132440DAC400925C08 /* Base */,
				D514198F2496617A0007417B /* fr */,
			);
			name = LaunchScreen.storyboard;
			sourceTree = "<group>";
		};
		D51419922496618E0007417B /* Localizable.strings */ = {
			isa = PBXVariantGroup;
			children = (
				D51419912496618E0007417B /* fr */,
			);
			name = Localizable.strings;
			sourceTree = "<group>";
		};
/* End PBXVariantGroup section */

/* Begin XCBuildConfiguration section */
		D50348162440DAC400925C08 /* Debug */ = {
			isa = XCBuildConfiguration;
			buildSettings = {
				ALWAYS_SEARCH_USER_PATHS = NO;
				CLANG_ANALYZER_LOCALIZABILITY_NONLOCALIZED = YES;
				CLANG_ANALYZER_NONNULL = YES;
				CLANG_ANALYZER_NUMBER_OBJECT_CONVERSION = YES_AGGRESSIVE;
				CLANG_CXX_LANGUAGE_STANDARD = "gnu++14";
				CLANG_CXX_LIBRARY = "libc++";
				CLANG_ENABLE_MODULES = YES;
				CLANG_ENABLE_OBJC_ARC = YES;
				CLANG_ENABLE_OBJC_WEAK = YES;
				CLANG_WARN_BLOCK_CAPTURE_AUTORELEASING = YES;
				CLANG_WARN_BOOL_CONVERSION = YES;
				CLANG_WARN_COMMA = YES;
				CLANG_WARN_CONSTANT_CONVERSION = YES;
				CLANG_WARN_DEPRECATED_OBJC_IMPLEMENTATIONS = YES;
				CLANG_WARN_DIRECT_OBJC_ISA_USAGE = YES_ERROR;
				CLANG_WARN_DOCUMENTATION_COMMENTS = YES;
				CLANG_WARN_EMPTY_BODY = YES;
				CLANG_WARN_ENUM_CONVERSION = YES;
				CLANG_WARN_INFINITE_RECURSION = YES;
				CLANG_WARN_INT_CONVERSION = YES;
				CLANG_WARN_NON_LITERAL_NULL_CONVERSION = YES;
				CLANG_WARN_OBJC_IMPLICIT_RETAIN_SELF = YES;
				CLANG_WARN_OBJC_LITERAL_CONVERSION = YES;
				CLANG_WARN_OBJC_ROOT_CLASS = YES_ERROR;
				CLANG_WARN_QUOTED_INCLUDE_IN_FRAMEWORK_HEADER = YES;
				CLANG_WARN_RANGE_LOOP_ANALYSIS = YES;
				CLANG_WARN_STRICT_PROTOTYPES = YES;
				CLANG_WARN_SUSPICIOUS_MOVE = YES;
				CLANG_WARN_UNGUARDED_AVAILABILITY = YES_AGGRESSIVE;
				CLANG_WARN_UNREACHABLE_CODE = YES;
				CLANG_WARN__DUPLICATE_METHOD_MATCH = YES;
				COPY_PHASE_STRIP = NO;
				DEBUG_INFORMATION_FORMAT = dwarf;
				ENABLE_STRICT_OBJC_MSGSEND = YES;
				ENABLE_TESTABILITY = YES;
				GCC_C_LANGUAGE_STANDARD = gnu11;
				GCC_DYNAMIC_NO_PIC = NO;
				GCC_NO_COMMON_BLOCKS = YES;
				GCC_OPTIMIZATION_LEVEL = 0;
				GCC_PREPROCESSOR_DEFINITIONS = (
					"DEBUG=1",
					"$(inherited)",
				);
				GCC_WARN_64_TO_32_BIT_CONVERSION = YES;
				GCC_WARN_ABOUT_RETURN_TYPE = YES_ERROR;
				GCC_WARN_UNDECLARED_SELECTOR = YES;
				GCC_WARN_UNINITIALIZED_AUTOS = YES_AGGRESSIVE;
				GCC_WARN_UNUSED_FUNCTION = YES;
				GCC_WARN_UNUSED_VARIABLE = YES;
				IPHONEOS_DEPLOYMENT_TARGET = 13.4;
				MTL_ENABLE_DEBUG_INFO = INCLUDE_SOURCE;
				MTL_FAST_MATH = YES;
				ONLY_ACTIVE_ARCH = YES;
				SDKROOT = iphoneos;
				SWIFT_ACTIVE_COMPILATION_CONDITIONS = DEBUG;
				SWIFT_OPTIMIZATION_LEVEL = "-Onone";
			};
			name = Debug;
		};
		D50348172440DAC400925C08 /* Release */ = {
			isa = XCBuildConfiguration;
			buildSettings = {
				ALWAYS_SEARCH_USER_PATHS = NO;
				CLANG_ANALYZER_LOCALIZABILITY_NONLOCALIZED = YES;
				CLANG_ANALYZER_NONNULL = YES;
				CLANG_ANALYZER_NUMBER_OBJECT_CONVERSION = YES_AGGRESSIVE;
				CLANG_CXX_LANGUAGE_STANDARD = "gnu++14";
				CLANG_CXX_LIBRARY = "libc++";
				CLANG_ENABLE_MODULES = YES;
				CLANG_ENABLE_OBJC_ARC = YES;
				CLANG_ENABLE_OBJC_WEAK = YES;
				CLANG_WARN_BLOCK_CAPTURE_AUTORELEASING = YES;
				CLANG_WARN_BOOL_CONVERSION = YES;
				CLANG_WARN_COMMA = YES;
				CLANG_WARN_CONSTANT_CONVERSION = YES;
				CLANG_WARN_DEPRECATED_OBJC_IMPLEMENTATIONS = YES;
				CLANG_WARN_DIRECT_OBJC_ISA_USAGE = YES_ERROR;
				CLANG_WARN_DOCUMENTATION_COMMENTS = YES;
				CLANG_WARN_EMPTY_BODY = YES;
				CLANG_WARN_ENUM_CONVERSION = YES;
				CLANG_WARN_INFINITE_RECURSION = YES;
				CLANG_WARN_INT_CONVERSION = YES;
				CLANG_WARN_NON_LITERAL_NULL_CONVERSION = YES;
				CLANG_WARN_OBJC_IMPLICIT_RETAIN_SELF = YES;
				CLANG_WARN_OBJC_LITERAL_CONVERSION = YES;
				CLANG_WARN_OBJC_ROOT_CLASS = YES_ERROR;
				CLANG_WARN_QUOTED_INCLUDE_IN_FRAMEWORK_HEADER = YES;
				CLANG_WARN_RANGE_LOOP_ANALYSIS = YES;
				CLANG_WARN_STRICT_PROTOTYPES = YES;
				CLANG_WARN_SUSPICIOUS_MOVE = YES;
				CLANG_WARN_UNGUARDED_AVAILABILITY = YES_AGGRESSIVE;
				CLANG_WARN_UNREACHABLE_CODE = YES;
				CLANG_WARN__DUPLICATE_METHOD_MATCH = YES;
				COPY_PHASE_STRIP = NO;
				DEBUG_INFORMATION_FORMAT = "dwarf-with-dsym";
				ENABLE_NS_ASSERTIONS = NO;
				ENABLE_STRICT_OBJC_MSGSEND = YES;
				GCC_C_LANGUAGE_STANDARD = gnu11;
				GCC_NO_COMMON_BLOCKS = YES;
				GCC_WARN_64_TO_32_BIT_CONVERSION = YES;
				GCC_WARN_ABOUT_RETURN_TYPE = YES_ERROR;
				GCC_WARN_UNDECLARED_SELECTOR = YES;
				GCC_WARN_UNINITIALIZED_AUTOS = YES_AGGRESSIVE;
				GCC_WARN_UNUSED_FUNCTION = YES;
				GCC_WARN_UNUSED_VARIABLE = YES;
				IPHONEOS_DEPLOYMENT_TARGET = 13.4;
				MTL_ENABLE_DEBUG_INFO = NO;
				MTL_FAST_MATH = YES;
				SDKROOT = iphoneos;
				SWIFT_COMPILATION_MODE = wholemodule;
				SWIFT_OPTIMIZATION_LEVEL = "-O";
				VALIDATE_PRODUCT = YES;
			};
			name = Release;
		};
		D50348192440DAC400925C08 /* Debug */ = {
			isa = XCBuildConfiguration;
			baseConfigurationReference = F9F8D26C812548D0F8F46E83 /* Pods-Marvel.debug.xcconfig */;
			buildSettings = {
				ASSETCATALOG_COMPILER_APPICON_NAME = AppIcon;
				CODE_SIGN_STYLE = Automatic;
				DEBUG_INFORMATION_FORMAT = dwarf;
				DEVELOPMENT_TEAM = H9BKW282L8;
				INFOPLIST_FILE = Marvel/Info.plist;
				IPHONEOS_DEPLOYMENT_TARGET = 13.0;
				LD_RUNPATH_SEARCH_PATHS = (
					"$(inherited)",
					"@executable_path/Frameworks",
				);
				PRODUCT_BUNDLE_IDENTIFIER = tutorial.Marvel;
				PRODUCT_NAME = "$(TARGET_NAME)";
				SWIFT_VERSION = 5.0;
				TARGETED_DEVICE_FAMILY = "1,2";
			};
			name = Debug;
		};
		D503481A2440DAC400925C08 /* Release */ = {
			isa = XCBuildConfiguration;
			baseConfigurationReference = C01958F4B989109AFDE9C519 /* Pods-Marvel.release.xcconfig */;
			buildSettings = {
				ASSETCATALOG_COMPILER_APPICON_NAME = AppIcon;
				CODE_SIGN_STYLE = Automatic;
				DEVELOPMENT_TEAM = H9BKW282L8;
				INFOPLIST_FILE = Marvel/Info.plist;
				IPHONEOS_DEPLOYMENT_TARGET = 13.0;
				LD_RUNPATH_SEARCH_PATHS = (
					"$(inherited)",
					"@executable_path/Frameworks",
				);
				PRODUCT_BUNDLE_IDENTIFIER = tutorial.Marvel;
				PRODUCT_NAME = "$(TARGET_NAME)";
				SWIFT_VERSION = 5.0;
				TARGETED_DEVICE_FAMILY = "1,2";
			};
			name = Release;
		};
/* End XCBuildConfiguration section */

/* Begin XCConfigurationList section */
		D50347FF2440DAC300925C08 /* Build configuration list for PBXProject "Marvel" */ = {
			isa = XCConfigurationList;
			buildConfigurations = (
				D50348162440DAC400925C08 /* Debug */,
				D50348172440DAC400925C08 /* Release */,
			);
			defaultConfigurationIsVisible = 0;
			defaultConfigurationName = Release;
		};
		D50348182440DAC400925C08 /* Build configuration list for PBXNativeTarget "Marvel" */ = {
			isa = XCConfigurationList;
			buildConfigurations = (
				D50348192440DAC400925C08 /* Debug */,
				D503481A2440DAC400925C08 /* Release */,
			);
			defaultConfigurationIsVisible = 0;
			defaultConfigurationName = Release;
		};
/* End XCConfigurationList section */
	};
	rootObject = D50347FC2440DAC300925C08 /* Project object */;
}
